
Microsoft Visual Studio Solution File, Format Version 12.00
# Visual Studio Version 17
VisualStudioVersion = 17.10.35122.118
MinimumVisualStudioVersion = 10.0.40219.1
Project("{FAE04EC0-301F-11D3-BF4B-00C04F79EFBC}") = "game2", "game2\game2.csproj", "{A96031D0-171C-435D-B71D-0A358C251476}"
EndProject
Global
	GlobalSection(SolutionConfigurationPlatforms) = preSolution
		Debug|Any CPU = Debug|Any CPU
		Release|Any CPU = Release|Any CPU
	EndGlobalSection
	GlobalSection(ProjectConfigurationPlatforms) = postSolution
		{A96031D0-171C-435D-B71D-0A358C251476}.Debug|Any CPU.ActiveCfg = Debug|Any CPU
		{A96031D0-171C-435D-B71D-0A358C251476}.Debug|Any CPU.Build.0 = Debug|Any CPU
		{A96031D0-171C-435D-B71D-0A358C251476}.Release|Any CPU.ActiveCfg = Release|Any CPU
		{A96031D0-171C-435D-B71D-0A358C251476}.Release|Any CPU.Build.0 = Release|Any CPU
	EndGlobalSection
	GlobalSection(SolutionProperties) = preSolution
		HideSolutionNode = FALSE
	EndGlobalSection
	GlobalSection(ExtensibilityGlobals) = postSolution
		SolutionGuid = {66319465-8907-4742-8D5D-B253B40F6B9B}
	EndGlobalSection
EndGlobal
